
Microsoft Visual Studio Solution File, Format Version 12.00
# Visual Studio Version 17
VisualStudioVersion = 17.11.35312.102
MinimumVisualStudioVersion = 10.0.40219.1
Project("{FAE04EC0-301F-11D3-BF4B-00C04F79EFBC}") = "domashkaDva1", "domashkaDva1\domashkaDva1.csproj", "{B93735CD-3993-4AF0-86BA-91815240B00C}"
EndProject
Global
	GlobalSection(SolutionConfigurationPlatforms) = preSolution
		Debug|Any CPU = Debug|Any CPU
		Release|Any CPU = Release|Any CPU
	EndGlobalSection
	GlobalSection(ProjectConfigurationPlatforms) = postSolution
		{B93735CD-3993-4AF0-86BA-91815240B00C}.Debug|Any CPU.ActiveCfg = Debug|Any CPU
		{B93735CD-3993-4AF0-86BA-91815240B00C}.Debug|Any CPU.Build.0 = Debug|Any CPU
		{B93735CD-3993-4AF0-86BA-91815240B00C}.Release|Any CPU.ActiveCfg = Release|Any CPU
		{B93735CD-3993-4AF0-86BA-91815240B00C}.Release|Any CPU.Build.0 = Release|Any CPU
	EndGlobalSection
	GlobalSection(SolutionProperties) = preSolution
		HideSolutionNode = FALSE
	EndGlobalSection
	GlobalSection(ExtensibilityGlobals) = postSolution
		SolutionGuid = {4E74E268-D7C5-4BFB-B37B-619491083DFB}
	EndGlobalSection
EndGlobal
